// !$*UTF8*$!
{
	archiveVersion = 1;
	classes = {
	};
	objectVersion = 46;
	objects = {

/* Begin PBXBuildFile section */
		15492103207B53AE00E45BBC /* Util.swift in Sources */ = {isa = PBXBuildFile; fileRef = 15492102207B53AE00E45BBC /* Util.swift */; };
		155D2C03204F61220087478B /* Credits.rtfd in Resources */ = {isa = PBXBuildFile; fileRef = 155D2C02204F61220087478B /* Credits.rtfd */; };
		159F304E2079A111000BD387 /* AppDelegateTests.swift in Sources */ = {isa = PBXBuildFile; fileRef = 159F304D2079A111000BD387 /* AppDelegateTests.swift */; };
		159F30522079A147000BD387 /* PPStateTests.swift in Sources */ = {isa = PBXBuildFile; fileRef = 159F30512079A147000BD387 /* PPStateTests.swift */; };
		15A8D9722083624600D55A9B /* Helpers.swift in Sources */ = {isa = PBXBuildFile; fileRef = 15A8D9712083624600D55A9B /* Helpers.swift */; };
		15FC8CC8204E2E2C000B5E1E /* PPState.swift in Sources */ = {isa = PBXBuildFile; fileRef = 15FC8CC7204E2E2C000B5E1E /* PPState.swift */; };
		B3B4C2C11E25894B009F8E4E /* AppDelegate.swift in Sources */ = {isa = PBXBuildFile; fileRef = B3B4C2C01E25894B009F8E4E /* AppDelegate.swift */; };
		B3B4C2C31E25894B009F8E4E /* Assets.xcassets in Resources */ = {isa = PBXBuildFile; fileRef = B3B4C2C21E25894B009F8E4E /* Assets.xcassets */; };
		BA22232720AFEC1B0001069C /* ApplicationServices.framework in Frameworks */ = {isa = PBXBuildFile; fileRef = BA22232620AFEC1B0001069C /* ApplicationServices.framework */; };
		BA22232920B04D660001069C /* AppDelegate+Menu.swift in Sources */ = {isa = PBXBuildFile; fileRef = BA22232820B04D660001069C /* AppDelegate+Menu.swift */; };
		BA22232B20B0E3B50001069C /* README.md in Resources */ = {isa = PBXBuildFile; fileRef = BA22232A20B0E3B50001069C /* README.md */; };
		BA71817220AE2DB400619700 /* PPMenuShortcutView.m in Sources */ = {isa = PBXBuildFile; fileRef = BA71817120AE2DB400619700 /* PPMenuShortcutView.m */; };
		BA74C0F820A692D100306B27 /* PPOverlayController.swift in Sources */ = {isa = PBXBuildFile; fileRef = BA74C0F620A692D100306B27 /* PPOverlayController.swift */; };
		BA74C0F920A692D100306B27 /* PPOverlayController.xib in Resources */ = {isa = PBXBuildFile; fileRef = BA74C0F720A692D100306B27 /* PPOverlayController.xib */; };
		BA74C13120A6E95900306B27 /* PPOverlayPanel.swift in Sources */ = {isa = PBXBuildFile; fileRef = BA74C13020A6E95900306B27 /* PPOverlayPanel.swift */; };
		BA74C13320A6F16C00306B27 /* ShowAndHideCursor.m in Sources */ = {isa = PBXBuildFile; fileRef = BA74C13220A6F16C00306B27 /* ShowAndHideCursor.m */; };
		BA74C14020AA390400306B27 /* PPOverlayPreview.swift in Sources */ = {isa = PBXBuildFile; fileRef = BA74C13F20AA390400306B27 /* PPOverlayPreview.swift */; };
		BA74C14220AA409D00306B27 /* NSColor.swift in Sources */ = {isa = PBXBuildFile; fileRef = BA74C14120AA409D00306B27 /* NSColor.swift */; };
		BA74C14420AA609500306B27 /* PPOverlayWrapper.swift in Sources */ = {isa = PBXBuildFile; fileRef = BA74C14320AA609500306B27 /* PPOverlayWrapper.swift */; };
		BA74C14E20ADA33E00306B27 /* PPColor.swift in Sources */ = {isa = PBXBuildFile; fileRef = BA74C14D20ADA33E00306B27 /* PPColor.swift */; };
		BAA17B7320B14CC100625455 /* LaunchAtLogin.framework in Frameworks */ = {isa = PBXBuildFile; fileRef = BAA17B6F20B14CC000625455 /* LaunchAtLogin.framework */; };
		BAA17B7420B14CC100625455 /* LaunchAtLogin.framework in Embed Frameworks */ = {isa = PBXBuildFile; fileRef = BAA17B6F20B14CC000625455 /* LaunchAtLogin.framework */; settings = {ATTRIBUTES = (CodeSignOnCopy, RemoveHeadersOnCopy, ); }; };
		BAA17B7720B14CC100625455 /* CleanroomLogger.framework in Frameworks */ = {isa = PBXBuildFile; fileRef = BAA17B7120B14CC000625455 /* CleanroomLogger.framework */; };
		BAA17B7820B14CC100625455 /* CleanroomLogger.framework in Embed Frameworks */ = {isa = PBXBuildFile; fileRef = BAA17B7120B14CC000625455 /* CleanroomLogger.framework */; settings = {ATTRIBUTES = (CodeSignOnCopy, RemoveHeadersOnCopy, ); }; };
		BAA17B7920B14CC100625455 /* MASShortcut.framework in Frameworks */ = {isa = PBXBuildFile; fileRef = BAA17B7220B14CC100625455 /* MASShortcut.framework */; };
		BAA17B7A20B14CC100625455 /* MASShortcut.framework in Embed Frameworks */ = {isa = PBXBuildFile; fileRef = BAA17B7220B14CC100625455 /* MASShortcut.framework */; settings = {ATTRIBUTES = (CodeSignOnCopy, RemoveHeadersOnCopy, ); }; };
		BAA17B7C20B14CEB00625455 /* SwiftyJSON.framework in Frameworks */ = {isa = PBXBuildFile; fileRef = BAA17B7B20B14CEB00625455 /* SwiftyJSON.framework */; };
		BAA17B7D20B14CEB00625455 /* SwiftyJSON.framework in Embed Frameworks */ = {isa = PBXBuildFile; fileRef = BAA17B7B20B14CEB00625455 /* SwiftyJSON.framework */; settings = {ATTRIBUTES = (CodeSignOnCopy, RemoveHeadersOnCopy, ); }; };
/* End PBXBuildFile section */

/* Begin PBXContainerItemProxy section */
		15B4E875207994AF0024FDE4 /* PBXContainerItemProxy */ = {
			isa = PBXContainerItemProxy;
			containerPortal = B3B4C2B51E25894B009F8E4E /* Project object */;
			proxyType = 1;
			remoteGlobalIDString = B3B4C2BC1E25894B009F8E4E;
			remoteInfo = PixelPicker;
		};
/* End PBXContainerItemProxy section */

/* Begin PBXCopyFilesBuildPhase section */
		BA2222FC20AF0C780001069C /* Embed Frameworks */ = {
			isa = PBXCopyFilesBuildPhase;
			buildActionMask = 2147483647;
			dstPath = "";
			dstSubfolderSpec = 10;
			files = (
				BAA17B7D20B14CEB00625455 /* SwiftyJSON.framework in Embed Frameworks */,
				BAA17B7820B14CC100625455 /* CleanroomLogger.framework in Embed Frameworks */,
				BAA17B7A20B14CC100625455 /* MASShortcut.framework in Embed Frameworks */,
				BAA17B7420B14CC100625455 /* LaunchAtLogin.framework in Embed Frameworks */,
			);
			name = "Embed Frameworks";
			runOnlyForDeploymentPostprocessing = 0;
		};
/* End PBXCopyFilesBuildPhase section */

/* Begin PBXFileReference section */
		15492102207B53AE00E45BBC /* Util.swift */ = {isa = PBXFileReference; lastKnownFileType = sourcecode.swift; path = Util.swift; sourceTree = "<group>"; };
		155D2C02204F61220087478B /* Credits.rtfd */ = {isa = PBXFileReference; lastKnownFileType = wrapper.rtfd; path = Credits.rtfd; sourceTree = "<group>"; };
		159F304D2079A111000BD387 /* AppDelegateTests.swift */ = {isa = PBXFileReference; lastKnownFileType = sourcecode.swift; path = AppDelegateTests.swift; sourceTree = "<group>"; };
		159F30512079A147000BD387 /* PPStateTests.swift */ = {isa = PBXFileReference; lastKnownFileType = sourcecode.swift; path = PPStateTests.swift; sourceTree = "<group>"; };
		15A8D9712083624600D55A9B /* Helpers.swift */ = {isa = PBXFileReference; lastKnownFileType = sourcecode.swift; path = Helpers.swift; sourceTree = "<group>"; };
		15B4E870207994AF0024FDE4 /* PixelPickerTests.xctest */ = {isa = PBXFileReference; explicitFileType = wrapper.cfbundle; includeInIndex = 0; path = PixelPickerTests.xctest; sourceTree = BUILT_PRODUCTS_DIR; };
		15B4E874207994AF0024FDE4 /* Info.plist */ = {isa = PBXFileReference; lastKnownFileType = text.plist.xml; path = Info.plist; sourceTree = "<group>"; };
		15FC8CC7204E2E2C000B5E1E /* PPState.swift */ = {isa = PBXFileReference; lastKnownFileType = sourcecode.swift; path = PPState.swift; sourceTree = "<group>"; };
		15FF0CCC204A231800E04103 /* Bridging-Header.h */ = {isa = PBXFileReference; lastKnownFileType = sourcecode.c.h; name = "Bridging-Header.h"; path = "PixelPicker/Bridging-Header.h"; sourceTree = "<group>"; };
		B3B4C2BD1E25894B009F8E4E /* PixelPicker.app */ = {isa = PBXFileReference; explicitFileType = wrapper.application; includeInIndex = 0; path = PixelPicker.app; sourceTree = BUILT_PRODUCTS_DIR; };
		B3B4C2C01E25894B009F8E4E /* AppDelegate.swift */ = {isa = PBXFileReference; lastKnownFileType = sourcecode.swift; path = AppDelegate.swift; sourceTree = "<group>"; };
		B3B4C2C21E25894B009F8E4E /* Assets.xcassets */ = {isa = PBXFileReference; lastKnownFileType = folder.assetcatalog; path = Assets.xcassets; sourceTree = "<group>"; };
		B3B4C2C71E25894B009F8E4E /* Info.plist */ = {isa = PBXFileReference; lastKnownFileType = text.plist.xml; path = Info.plist; sourceTree = "<group>"; };
		BA22232620AFEC1B0001069C /* ApplicationServices.framework */ = {isa = PBXFileReference; lastKnownFileType = wrapper.framework; name = ApplicationServices.framework; path = System/Library/Frameworks/ApplicationServices.framework; sourceTree = SDKROOT; };
		BA22232820B04D660001069C /* AppDelegate+Menu.swift */ = {isa = PBXFileReference; lastKnownFileType = sourcecode.swift; path = "AppDelegate+Menu.swift"; sourceTree = "<group>"; };
		BA22232A20B0E3B50001069C /* README.md */ = {isa = PBXFileReference; fileEncoding = 4; lastKnownFileType = net.daringfireball.markdown; path = README.md; sourceTree = SOURCE_ROOT; };
		BA71817120AE2DB400619700 /* PPMenuShortcutView.m */ = {isa = PBXFileReference; lastKnownFileType = sourcecode.c.objc; path = PPMenuShortcutView.m; sourceTree = "<group>"; };
		BA71817320AE2DCC00619700 /* PPMenuShortcutView.h */ = {isa = PBXFileReference; lastKnownFileType = sourcecode.c.h; path = PPMenuShortcutView.h; sourceTree = "<group>"; };
		BA74C0F620A692D100306B27 /* PPOverlayController.swift */ = {isa = PBXFileReference; lastKnownFileType = sourcecode.swift; path = PPOverlayController.swift; sourceTree = "<group>"; };
		BA74C0F720A692D100306B27 /* PPOverlayController.xib */ = {isa = PBXFileReference; lastKnownFileType = file.xib; path = PPOverlayController.xib; sourceTree = "<group>"; };
		BA74C13020A6E95900306B27 /* PPOverlayPanel.swift */ = {isa = PBXFileReference; lastKnownFileType = sourcecode.swift; path = PPOverlayPanel.swift; sourceTree = "<group>"; };
		BA74C13220A6F16C00306B27 /* ShowAndHideCursor.m */ = {isa = PBXFileReference; lastKnownFileType = sourcecode.c.objc; path = ShowAndHideCursor.m; sourceTree = "<group>"; };
		BA74C13420A6F1BE00306B27 /* ShowAndHideCursor.h */ = {isa = PBXFileReference; lastKnownFileType = sourcecode.c.h; path = ShowAndHideCursor.h; sourceTree = "<group>"; };
		BA74C13F20AA390400306B27 /* PPOverlayPreview.swift */ = {isa = PBXFileReference; lastKnownFileType = sourcecode.swift; path = PPOverlayPreview.swift; sourceTree = "<group>"; };
		BA74C14120AA409D00306B27 /* NSColor.swift */ = {isa = PBXFileReference; lastKnownFileType = sourcecode.swift; path = NSColor.swift; sourceTree = "<group>"; };
		BA74C14320AA609500306B27 /* PPOverlayWrapper.swift */ = {isa = PBXFileReference; lastKnownFileType = sourcecode.swift; path = PPOverlayWrapper.swift; sourceTree = "<group>"; };
		BA74C14D20ADA33E00306B27 /* PPColor.swift */ = {isa = PBXFileReference; lastKnownFileType = sourcecode.swift; path = PPColor.swift; sourceTree = "<group>"; };
		BAA17B6F20B14CC000625455 /* LaunchAtLogin.framework */ = {isa = PBXFileReference; lastKnownFileType = wrapper.framework; name = LaunchAtLogin.framework; path = Carthage/Build/Mac/LaunchAtLogin.framework; sourceTree = "<group>"; };
		BAA17B7120B14CC000625455 /* CleanroomLogger.framework */ = {isa = PBXFileReference; lastKnownFileType = wrapper.framework; name = CleanroomLogger.framework; path = Carthage/Build/Mac/CleanroomLogger.framework; sourceTree = "<group>"; };
		BAA17B7220B14CC100625455 /* MASShortcut.framework */ = {isa = PBXFileReference; lastKnownFileType = wrapper.framework; name = MASShortcut.framework; path = Carthage/Build/Mac/MASShortcut.framework; sourceTree = "<group>"; };
		BAA17B7B20B14CEB00625455 /* SwiftyJSON.framework */ = {isa = PBXFileReference; lastKnownFileType = wrapper.framework; name = SwiftyJSON.framework; path = Carthage/Build/Mac/SwiftyJSON.framework; sourceTree = "<group>"; };
/* End PBXFileReference section */

/* Begin PBXFrameworksBuildPhase section */
		15B4E86D207994AF0024FDE4 /* Frameworks */ = {
			isa = PBXFrameworksBuildPhase;
			buildActionMask = 2147483647;
			files = (
			);
			runOnlyForDeploymentPostprocessing = 0;
		};
		B3B4C2BA1E25894B009F8E4E /* Frameworks */ = {
			isa = PBXFrameworksBuildPhase;
			buildActionMask = 2147483647;
			files = (
				BAA17B7920B14CC100625455 /* MASShortcut.framework in Frameworks */,
				BAA17B7320B14CC100625455 /* LaunchAtLogin.framework in Frameworks */,
				BAA17B7720B14CC100625455 /* CleanroomLogger.framework in Frameworks */,
				BA22232720AFEC1B0001069C /* ApplicationServices.framework in Frameworks */,
				BAA17B7C20B14CEB00625455 /* SwiftyJSON.framework in Frameworks */,
			);
			runOnlyForDeploymentPostprocessing = 0;
		};
/* End PBXFrameworksBuildPhase section */

/* Begin PBXGroup section */
		159ED10B207EB2EF005489ED /* OverlayPanel */ = {
			isa = PBXGroup;
			children = (
				BA74C13020A6E95900306B27 /* PPOverlayPanel.swift */,
				BA74C13F20AA390400306B27 /* PPOverlayPreview.swift */,
				BA74C14320AA609500306B27 /* PPOverlayWrapper.swift */,
				BA74C0F620A692D100306B27 /* PPOverlayController.swift */,
				BA74C0F720A692D100306B27 /* PPOverlayController.xib */,
			);
			path = OverlayPanel;
			sourceTree = "<group>";
		};
		15B4E871207994AF0024FDE4 /* PixelPickerTests */ = {
			isa = PBXGroup;
			children = (
				159F304D2079A111000BD387 /* AppDelegateTests.swift */,
				159F30512079A147000BD387 /* PPStateTests.swift */,
				15A8D9712083624600D55A9B /* Helpers.swift */,
				15B4E874207994AF0024FDE4 /* Info.plist */,
			);
			path = PixelPickerTests;
			sourceTree = "<group>";
		};
		B3B4C2B41E25894B009F8E4E = {
			isa = PBXGroup;
			children = (
				BAA17B7B20B14CEB00625455 /* SwiftyJSON.framework */,
				BAA17B7120B14CC000625455 /* CleanroomLogger.framework */,
				BAA17B6F20B14CC000625455 /* LaunchAtLogin.framework */,
				BAA17B7220B14CC100625455 /* MASShortcut.framework */,
				15FF0CCC204A231800E04103 /* Bridging-Header.h */,
				B3B4C2BF1E25894B009F8E4E /* PixelPicker */,
				15B4E871207994AF0024FDE4 /* PixelPickerTests */,
				B3B4C2BE1E25894B009F8E4E /* Products */,
				BA22232520AFEC1B0001069C /* Frameworks */,
			);
			sourceTree = "<group>";
		};
		B3B4C2BE1E25894B009F8E4E /* Products */ = {
			isa = PBXGroup;
			children = (
				B3B4C2BD1E25894B009F8E4E /* PixelPicker.app */,
				15B4E870207994AF0024FDE4 /* PixelPickerTests.xctest */,
			);
			name = Products;
			sourceTree = "<group>";
		};
		B3B4C2BF1E25894B009F8E4E /* PixelPicker */ = {
			isa = PBXGroup;
			children = (
				BA74C13420A6F1BE00306B27 /* ShowAndHideCursor.h */,
				BA74C13220A6F16C00306B27 /* ShowAndHideCursor.m */,
				BA71817320AE2DCC00619700 /* PPMenuShortcutView.h */,
				BA71817120AE2DB400619700 /* PPMenuShortcutView.m */,
				B3B4C2C01E25894B009F8E4E /* AppDelegate.swift */,
				BA22232820B04D660001069C /* AppDelegate+Menu.swift */,
				BA74C14D20ADA33E00306B27 /* PPColor.swift */,
				15FC8CC7204E2E2C000B5E1E /* PPState.swift */,
				159ED10B207EB2EF005489ED /* OverlayPanel */,
				BA74C14120AA409D00306B27 /* NSColor.swift */,
				15492102207B53AE00E45BBC /* Util.swift */,
				B3B4C2C21E25894B009F8E4E /* Assets.xcassets */,
				BA22232A20B0E3B50001069C /* README.md */,
				155D2C02204F61220087478B /* Credits.rtfd */,
				B3B4C2C71E25894B009F8E4E /* Info.plist */,
			);
			path = PixelPicker;
			sourceTree = "<group>";
		};
		BA22232520AFEC1B0001069C /* Frameworks */ = {
			isa = PBXGroup;
			children = (
				BA22232620AFEC1B0001069C /* ApplicationServices.framework */,
			);
			name = Frameworks;
			sourceTree = "<group>";
		};
/* End PBXGroup section */

/* Begin PBXNativeTarget section */
		15B4E86F207994AF0024FDE4 /* PixelPickerTests */ = {
			isa = PBXNativeTarget;
			buildConfigurationList = 15B4E877207994AF0024FDE4 /* Build configuration list for PBXNativeTarget "PixelPickerTests" */;
			buildPhases = (
				15B4E86C207994AF0024FDE4 /* Sources */,
				15B4E86D207994AF0024FDE4 /* Frameworks */,
				15B4E86E207994AF0024FDE4 /* Resources */,
			);
			buildRules = (
			);
			dependencies = (
				15B4E876207994AF0024FDE4 /* PBXTargetDependency */,
			);
			name = PixelPickerTests;
			productName = PixelPickerTests;
			productReference = 15B4E870207994AF0024FDE4 /* PixelPickerTests.xctest */;
			productType = "com.apple.product-type.bundle.unit-test";
		};
		B3B4C2BC1E25894B009F8E4E /* PixelPicker */ = {
			isa = PBXNativeTarget;
			buildConfigurationList = B3B4C2CA1E25894B009F8E4E /* Build configuration list for PBXNativeTarget "PixelPicker" */;
			buildPhases = (
				B3B4C2B91E25894B009F8E4E /* Sources */,
				B3B4C2BA1E25894B009F8E4E /* Frameworks */,
				B3B4C2BB1E25894B009F8E4E /* Resources */,
				BA2222FC20AF0C780001069C /* Embed Frameworks */,
				15185A00204F364A007CD792 /* ShellScript */,
			);
			buildRules = (
			);
			dependencies = (
			);
			name = PixelPicker;
			productName = PixelPicker;
			productReference = B3B4C2BD1E25894B009F8E4E /* PixelPicker.app */;
			productType = "com.apple.product-type.application";
		};
/* End PBXNativeTarget section */

/* Begin PBXProject section */
		B3B4C2B51E25894B009F8E4E /* Project object */ = {
			isa = PBXProject;
			attributes = {
				LastSwiftUpdateCheck = 0930;
				LastUpgradeCheck = 0930;
				ORGANIZATIONNAME = "";
				TargetAttributes = {
					15B4E86F207994AF0024FDE4 = {
						CreatedOnToolsVersion = 9.3;
						ProvisioningStyle = Automatic;
						TestTargetID = B3B4C2BC1E25894B009F8E4E;
					};
					B3B4C2BC1E25894B009F8E4E = {
						CreatedOnToolsVersion = 8.2.1;
						DevelopmentTeam = UNR5C68RPX;
						LastSwiftMigration = 0920;
						ProvisioningStyle = Automatic;
					};
				};
			};
			buildConfigurationList = B3B4C2B81E25894B009F8E4E /* Build configuration list for PBXProject "PixelPicker" */;
			compatibilityVersion = "Xcode 3.2";
			developmentRegion = English;
			hasScannedForEncodings = 0;
			knownRegions = (
				en,
				Base,
			);
			mainGroup = B3B4C2B41E25894B009F8E4E;
			productRefGroup = B3B4C2BE1E25894B009F8E4E /* Products */;
			projectDirPath = "";
			projectRoot = "";
			targets = (
				B3B4C2BC1E25894B009F8E4E /* PixelPicker */,
				15B4E86F207994AF0024FDE4 /* PixelPickerTests */,
			);
		};
/* End PBXProject section */

/* Begin PBXResourcesBuildPhase section */
		15B4E86E207994AF0024FDE4 /* Resources */ = {
			isa = PBXResourcesBuildPhase;
			buildActionMask = 2147483647;
			files = (
			);
			runOnlyForDeploymentPostprocessing = 0;
		};
		B3B4C2BB1E25894B009F8E4E /* Resources */ = {
			isa = PBXResourcesBuildPhase;
			buildActionMask = 2147483647;
			files = (
				B3B4C2C31E25894B009F8E4E /* Assets.xcassets in Resources */,
				BA74C0F920A692D100306B27 /* PPOverlayController.xib in Resources */,
				BA22232B20B0E3B50001069C /* README.md in Resources */,
				155D2C03204F61220087478B /* Credits.rtfd in Resources */,
			);
			runOnlyForDeploymentPostprocessing = 0;
		};
/* End PBXResourcesBuildPhase section */

/* Begin PBXShellScriptBuildPhase section */
		15185A00204F364A007CD792 /* ShellScript */ = {
			isa = PBXShellScriptBuildPhase;
			buildActionMask = 2147483647;
			files = (
			);
			inputPaths = (
			);
			outputPaths = (
			);
			runOnlyForDeploymentPostprocessing = 0;
			shellPath = /bin/sh;
			shellScript = "./Carthage/Build/Mac/LaunchAtLogin.framework/Resources/copy-helper.sh";
		};
/* End PBXShellScriptBuildPhase section */

/* Begin PBXSourcesBuildPhase section */
		15B4E86C207994AF0024FDE4 /* Sources */ = {
			isa = PBXSourcesBuildPhase;
			buildActionMask = 2147483647;
			files = (
				159F304E2079A111000BD387 /* AppDelegateTests.swift in Sources */,
				159F30522079A147000BD387 /* PPStateTests.swift in Sources */,
				15A8D9722083624600D55A9B /* Helpers.swift in Sources */,
			);
			runOnlyForDeploymentPostprocessing = 0;
		};
		B3B4C2B91E25894B009F8E4E /* Sources */ = {
			isa = PBXSourcesBuildPhase;
			buildActionMask = 2147483647;
			files = (
				BA74C14220AA409D00306B27 /* NSColor.swift in Sources */,
				BA71817220AE2DB400619700 /* PPMenuShortcutView.m in Sources */,
				15492103207B53AE00E45BBC /* Util.swift in Sources */,
				BA74C0F820A692D100306B27 /* PPOverlayController.swift in Sources */,
				BA74C14E20ADA33E00306B27 /* PPColor.swift in Sources */,
				BA22232920B04D660001069C /* AppDelegate+Menu.swift in Sources */,
				BA74C13120A6E95900306B27 /* PPOverlayPanel.swift in Sources */,
				B3B4C2C11E25894B009F8E4E /* AppDelegate.swift in Sources */,
				BA74C14420AA609500306B27 /* PPOverlayWrapper.swift in Sources */,
				BA74C13320A6F16C00306B27 /* ShowAndHideCursor.m in Sources */,
				BA74C14020AA390400306B27 /* PPOverlayPreview.swift in Sources */,
				15FC8CC8204E2E2C000B5E1E /* PPState.swift in Sources */,
			);
			runOnlyForDeploymentPostprocessing = 0;
		};
/* End PBXSourcesBuildPhase section */

/* Begin PBXTargetDependency section */
		15B4E876207994AF0024FDE4 /* PBXTargetDependency */ = {
			isa = PBXTargetDependency;
			target = B3B4C2BC1E25894B009F8E4E /* PixelPicker */;
			targetProxy = 15B4E875207994AF0024FDE4 /* PBXContainerItemProxy */;
		};
/* End PBXTargetDependency section */

/* Begin XCBuildConfiguration section */
		15B4E878207994AF0024FDE4 /* Debug */ = {
			isa = XCBuildConfiguration;
			buildSettings = {
				BUNDLE_LOADER = "$(TEST_HOST)";
				CLANG_ANALYZER_NUMBER_OBJECT_CONVERSION = YES_AGGRESSIVE;
				CLANG_CXX_LANGUAGE_STANDARD = "gnu++14";
				CLANG_ENABLE_OBJC_WEAK = YES;
				CLANG_WARN_UNGUARDED_AVAILABILITY = YES_AGGRESSIVE;
				CODE_SIGN_IDENTITY = "";
				CODE_SIGN_STYLE = Automatic;
				COMBINE_HIDPI_IMAGES = YES;
				DEVELOPMENT_TEAM = "";
				FRAMEWORK_SEARCH_PATHS = (
					"$(inherited)",
					"$(PROJECT_DIR)/Carthage/Build/Mac",
				);
				GCC_C_LANGUAGE_STANDARD = gnu11;
				INFOPLIST_FILE = PixelPickerTests/Info.plist;
				LD_RUNPATH_SEARCH_PATHS = "$(inherited) @executable_path/../Frameworks @loader_path/../Frameworks";
				MACOSX_DEPLOYMENT_TARGET = 10.13;
				PRODUCT_BUNDLE_IDENTIFIER = com.acheronfail.PixelPickerTests;
				PRODUCT_NAME = "$(TARGET_NAME)";
				PROVISIONING_PROFILE_SPECIFIER = "";
				SWIFT_VERSION = 4.0;
				TEST_HOST = "$(BUILT_PRODUCTS_DIR)/PixelPicker.app/Contents/MacOS/PixelPicker";
			};
			name = Debug;
		};
		15B4E879207994AF0024FDE4 /* Release */ = {
			isa = XCBuildConfiguration;
			buildSettings = {
				BUNDLE_LOADER = "$(TEST_HOST)";
				CLANG_ANALYZER_NUMBER_OBJECT_CONVERSION = YES_AGGRESSIVE;
				CLANG_CXX_LANGUAGE_STANDARD = "gnu++14";
				CLANG_ENABLE_OBJC_WEAK = YES;
				CLANG_WARN_UNGUARDED_AVAILABILITY = YES_AGGRESSIVE;
				CODE_SIGN_IDENTITY = "";
				CODE_SIGN_STYLE = Automatic;
				COMBINE_HIDPI_IMAGES = YES;
				DEVELOPMENT_TEAM = "";
				FRAMEWORK_SEARCH_PATHS = (
					"$(inherited)",
					"$(PROJECT_DIR)/Carthage/Build/Mac",
				);
				GCC_C_LANGUAGE_STANDARD = gnu11;
				INFOPLIST_FILE = PixelPickerTests/Info.plist;
				LD_RUNPATH_SEARCH_PATHS = "$(inherited) @executable_path/../Frameworks @loader_path/../Frameworks";
				MACOSX_DEPLOYMENT_TARGET = 10.13;
				PRODUCT_BUNDLE_IDENTIFIER = com.acheronfail.PixelPickerTests;
				PRODUCT_NAME = "$(TARGET_NAME)";
				PROVISIONING_PROFILE_SPECIFIER = "";
				SWIFT_VERSION = 4.0;
				TEST_HOST = "$(BUILT_PRODUCTS_DIR)/PixelPicker.app/Contents/MacOS/PixelPicker";
			};
			name = Release;
		};
		B3B4C2C81E25894B009F8E4E /* Debug */ = {
			isa = XCBuildConfiguration;
			buildSettings = {
				ALWAYS_SEARCH_USER_PATHS = NO;
				CLANG_ANALYZER_NONNULL = YES;
				CLANG_CXX_LANGUAGE_STANDARD = "gnu++0x";
				CLANG_CXX_LIBRARY = "libc++";
				CLANG_ENABLE_MODULES = YES;
				CLANG_ENABLE_OBJC_ARC = YES;
				CLANG_WARN_BLOCK_CAPTURE_AUTORELEASING = YES;
				CLANG_WARN_BOOL_CONVERSION = YES;
				CLANG_WARN_COMMA = YES;
				CLANG_WARN_CONSTANT_CONVERSION = YES;
				CLANG_WARN_DEPRECATED_OBJC_IMPLEMENTATIONS = YES;
				CLANG_WARN_DIRECT_OBJC_ISA_USAGE = YES_ERROR;
				CLANG_WARN_DOCUMENTATION_COMMENTS = YES;
				CLANG_WARN_EMPTY_BODY = YES;
				CLANG_WARN_ENUM_CONVERSION = YES;
				CLANG_WARN_INFINITE_RECURSION = YES;
				CLANG_WARN_INT_CONVERSION = YES;
				CLANG_WARN_NON_LITERAL_NULL_CONVERSION = YES;
				CLANG_WARN_OBJC_IMPLICIT_RETAIN_SELF = YES;
				CLANG_WARN_OBJC_LITERAL_CONVERSION = YES;
				CLANG_WARN_OBJC_ROOT_CLASS = YES_ERROR;
				CLANG_WARN_RANGE_LOOP_ANALYSIS = YES;
				CLANG_WARN_STRICT_PROTOTYPES = YES;
				CLANG_WARN_SUSPICIOUS_MOVE = YES;
				CLANG_WARN_UNREACHABLE_CODE = YES;
				CLANG_WARN__DUPLICATE_METHOD_MATCH = YES;
				CODE_SIGN_IDENTITY = "-";
				COPY_PHASE_STRIP = NO;
				DEBUG_INFORMATION_FORMAT = dwarf;
				DEFINES_MODULE = YES;
				ENABLE_STRICT_OBJC_MSGSEND = YES;
				ENABLE_TESTABILITY = YES;
				GCC_C_LANGUAGE_STANDARD = gnu99;
				GCC_DYNAMIC_NO_PIC = NO;
				GCC_NO_COMMON_BLOCKS = YES;
				GCC_OPTIMIZATION_LEVEL = 0;
				GCC_PREPROCESSOR_DEFINITIONS = (
					"DEBUG=1",
					"$(inherited)",
				);
				GCC_WARN_64_TO_32_BIT_CONVERSION = YES;
				GCC_WARN_ABOUT_RETURN_TYPE = YES_ERROR;
				GCC_WARN_UNDECLARED_SELECTOR = YES;
				GCC_WARN_UNINITIALIZED_AUTOS = YES_AGGRESSIVE;
				GCC_WARN_UNUSED_FUNCTION = YES;
				GCC_WARN_UNUSED_VARIABLE = YES;
				MACOSX_DEPLOYMENT_TARGET = 10.12;
				MTL_ENABLE_DEBUG_INFO = YES;
				ONLY_ACTIVE_ARCH = YES;
				PRODUCT_MODULE_NAME = PixelPicker;
				SDKROOT = macosx;
				SWIFT_ACTIVE_COMPILATION_CONDITIONS = DEBUG;
				SWIFT_OBJC_BRIDGING_HEADER = "PixelPicker/Bridging-Header.h";
				SWIFT_OPTIMIZATION_LEVEL = "-Onone";
				SWIFT_SWIFT3_OBJC_INFERENCE = Default;
				USER_HEADER_SEARCH_PATHS = "Pods/**";
			};
			name = Debug;
		};
		B3B4C2C91E25894B009F8E4E /* Release */ = {
			isa = XCBuildConfiguration;
			buildSettings = {
				ALWAYS_SEARCH_USER_PATHS = NO;
				CLANG_ANALYZER_NONNULL = YES;
				CLANG_CXX_LANGUAGE_STANDARD = "gnu++0x";
				CLANG_CXX_LIBRARY = "libc++";
				CLANG_ENABLE_MODULES = YES;
				CLANG_ENABLE_OBJC_ARC = YES;
				CLANG_WARN_BLOCK_CAPTURE_AUTORELEASING = YES;
				CLANG_WARN_BOOL_CONVERSION = YES;
				CLANG_WARN_COMMA = YES;
				CLANG_WARN_CONSTANT_CONVERSION = YES;
				CLANG_WARN_DEPRECATED_OBJC_IMPLEMENTATIONS = YES;
				CLANG_WARN_DIRECT_OBJC_ISA_USAGE = YES_ERROR;
				CLANG_WARN_DOCUMENTATION_COMMENTS = YES;
				CLANG_WARN_EMPTY_BODY = YES;
				CLANG_WARN_ENUM_CONVERSION = YES;
				CLANG_WARN_INFINITE_RECURSION = YES;
				CLANG_WARN_INT_CONVERSION = YES;
				CLANG_WARN_NON_LITERAL_NULL_CONVERSION = YES;
				CLANG_WARN_OBJC_IMPLICIT_RETAIN_SELF = YES;
				CLANG_WARN_OBJC_LITERAL_CONVERSION = YES;
				CLANG_WARN_OBJC_ROOT_CLASS = YES_ERROR;
				CLANG_WARN_RANGE_LOOP_ANALYSIS = YES;
				CLANG_WARN_STRICT_PROTOTYPES = YES;
				CLANG_WARN_SUSPICIOUS_MOVE = YES;
				CLANG_WARN_UNREACHABLE_CODE = YES;
				CLANG_WARN__DUPLICATE_METHOD_MATCH = YES;
				CODE_SIGN_IDENTITY = "-";
				COPY_PHASE_STRIP = NO;
				DEBUG_INFORMATION_FORMAT = "dwarf-with-dsym";
				DEFINES_MODULE = YES;
				ENABLE_NS_ASSERTIONS = NO;
				ENABLE_STRICT_OBJC_MSGSEND = YES;
				GCC_C_LANGUAGE_STANDARD = gnu99;
				GCC_NO_COMMON_BLOCKS = YES;
				GCC_WARN_64_TO_32_BIT_CONVERSION = YES;
				GCC_WARN_ABOUT_RETURN_TYPE = YES_ERROR;
				GCC_WARN_UNDECLARED_SELECTOR = YES;
				GCC_WARN_UNINITIALIZED_AUTOS = YES_AGGRESSIVE;
				GCC_WARN_UNUSED_FUNCTION = YES;
				GCC_WARN_UNUSED_VARIABLE = YES;
				MACOSX_DEPLOYMENT_TARGET = 10.12;
				MTL_ENABLE_DEBUG_INFO = NO;
				PRODUCT_MODULE_NAME = PixelPicker;
				SDKROOT = macosx;
				SWIFT_OBJC_BRIDGING_HEADER = "PixelPicker/Bridging-Header.h";
				SWIFT_OPTIMIZATION_LEVEL = "-Owholemodule";
				SWIFT_SWIFT3_OBJC_INFERENCE = Default;
				USER_HEADER_SEARCH_PATHS = "Pods/**";
			};
			name = Release;
		};
		B3B4C2CB1E25894B009F8E4E /* Debug */ = {
			isa = XCBuildConfiguration;
			buildSettings = {
				ASSETCATALOG_COMPILER_APPICON_NAME = AppIcon;
				CLANG_CXX_LANGUAGE_STANDARD = "gnu++0x";
				CODE_SIGN_IDENTITY = "";
				CODE_SIGN_STYLE = Automatic;
				COMBINE_HIDPI_IMAGES = YES;
				DEVELOPMENT_TEAM = UNR5C68RPX;
				FRAMEWORK_SEARCH_PATHS = (
					"$(inherited)",
					"$(PROJECT_DIR)/Carthage/Build/Mac",
				);
				GCC_C_LANGUAGE_STANDARD = c11;
				INFOPLIST_FILE = PixelPicker/Info.plist;
				LD_RUNPATH_SEARCH_PATHS = "$(inherited) @executable_path/../Frameworks";
				MACOSX_DEPLOYMENT_TARGET = 10.12;
				PRODUCT_BUNDLE_IDENTIFIER = "com.acheronfail.pixel-picker";
				PRODUCT_NAME = "$(TARGET_NAME)";
				PROVISIONING_PROFILE_SPECIFIER = "";
				SWIFT_OBJC_BRIDGING_HEADER = "PixelPicker/Bridging-Header.h";
				SWIFT_SWIFT3_OBJC_INFERENCE = Default;
				SWIFT_VERSION = 4.0;
			};
			name = Debug;
		};
		B3B4C2CC1E25894B009F8E4E /* Release */ = {
			isa = XCBuildConfiguration;
			buildSettings = {
				ASSETCATALOG_COMPILER_APPICON_NAME = AppIcon;
				CLANG_CXX_LANGUAGE_STANDARD = "gnu++0x";
				CODE_SIGN_IDENTITY = "";
				CODE_SIGN_STYLE = Automatic;
				COMBINE_HIDPI_IMAGES = YES;
				DEVELOPMENT_TEAM = UNR5C68RPX;
				FRAMEWORK_SEARCH_PATHS = (
					"$(inherited)",
					"$(PROJECT_DIR)/Carthage/Build/Mac",
				);
				GCC_C_LANGUAGE_STANDARD = c11;
				INFOPLIST_FILE = PixelPicker/Info.plist;
				LD_RUNPATH_SEARCH_PATHS = "$(inherited) @executable_path/../Frameworks";
				MACOSX_DEPLOYMENT_TARGET = 10.12;
				PRODUCT_BUNDLE_IDENTIFIER = "com.acheronfail.pixel-picker";
				PRODUCT_NAME = "$(TARGET_NAME)";
				PROVISIONING_PROFILE_SPECIFIER = "";
				SWIFT_OBJC_BRIDGING_HEADER = "PixelPicker/Bridging-Header.h";
				SWIFT_SWIFT3_OBJC_INFERENCE = Default;
				SWIFT_VERSION = 4.0;
			};
			name = Release;
		};
/* End XCBuildConfiguration section */

/* Begin XCConfigurationList section */
		15B4E877207994AF0024FDE4 /* Build configuration list for PBXNativeTarget "PixelPickerTests" */ = {
			isa = XCConfigurationList;
			buildConfigurations = (
				15B4E878207994AF0024FDE4 /* Debug */,
				15B4E879207994AF0024FDE4 /* Release */,
			);
			defaultConfigurationIsVisible = 0;
			defaultConfigurationName = Release;
		};
		B3B4C2B81E25894B009F8E4E /* Build configuration list for PBXProject "PixelPicker" */ = {
			isa = XCConfigurationList;
			buildConfigurations = (
				B3B4C2C81E25894B009F8E4E /* Debug */,
				B3B4C2C91E25894B009F8E4E /* Release */,
			);
			defaultConfigurationIsVisible = 0;
			defaultConfigurationName = Release;
		};
		B3B4C2CA1E25894B009F8E4E /* Build configuration list for PBXNativeTarget "PixelPicker" */ = {
			isa = XCConfigurationList;
			buildConfigurations = (
				B3B4C2CB1E25894B009F8E4E /* Debug */,
				B3B4C2CC1E25894B009F8E4E /* Release */,
			);
			defaultConfigurationIsVisible = 0;
			defaultConfigurationName = Release;
		};
/* End XCConfigurationList section */
	};
	rootObject = B3B4C2B51E25894B009F8E4E /* Project object */;
}
